
Microsoft Visual Studio Solution File, Format Version 12.00
# Visual Studio 15
VisualStudioVersion = 15.0.27703.2035
MinimumVisualStudioVersion = 10.0.40219.1
Project("{FAE04EC0-301F-11D3-BF4B-00C04F79EFBC}") = "Lab18", "Lab18\Lab18.csproj", "{425C4ED6-14FE-4A33-83C8-EAD5D0A497D4}"
EndProject
Global
	GlobalSection(SolutionConfigurationPlatforms) = preSolution
		Debug|Any CPU = Debug|Any CPU
		Release|Any CPU = Release|Any CPU
	EndGlobalSection
	GlobalSection(ProjectConfigurationPlatforms) = postSolution
		{425C4ED6-14FE-4A33-83C8-EAD5D0A497D4}.Debug|Any CPU.ActiveCfg = Debug|Any CPU
		{425C4ED6-14FE-4A33-83C8-EAD5D0A497D4}.Debug|Any CPU.Build.0 = Debug|Any CPU
		{425C4ED6-14FE-4A33-83C8-EAD5D0A497D4}.Release|Any CPU.ActiveCfg = Release|Any CPU
		{425C4ED6-14FE-4A33-83C8-EAD5D0A497D4}.Release|Any CPU.Build.0 = Release|Any CPU
	EndGlobalSection
	GlobalSection(SolutionProperties) = preSolution
		HideSolutionNode = FALSE
	EndGlobalSection
	GlobalSection(ExtensibilityGlobals) = postSolution
		SolutionGuid = {BF584713-F6E0-42EA-9E69-C30A8C8DE13A}
	EndGlobalSection
EndGlobal
